
Microsoft Visual Studio Solution File, Format Version 12.00
# Visual Studio 15
VisualStudioVersion = 15.0.27130.2036
MinimumVisualStudioVersion = 10.0.40219.1
Project("{FAE04EC0-301F-11D3-BF4B-00C04F79EFBC}") = "computegen", "computegen.csproj", "{72CE1B09-8027-4FF7-8E71-3C179708F525}"
EndProject
Global
	GlobalSection(SolutionConfigurationPlatforms) = preSolution
		Debug|Any CPU = Debug|Any CPU
		Release|Any CPU = Release|Any CPU
	EndGlobalSection
	GlobalSection(ProjectConfigurationPlatforms) = postSolution
		{72CE1B09-8027-4FF7-8E71-3C179708F525}.Debug|Any CPU.ActiveCfg = Debug|Any CPU
		{72CE1B09-8027-4FF7-8E71-3C179708F525}.Debug|Any CPU.Build.0 = Debug|Any CPU
		{72CE1B09-8027-4FF7-8E71-3C179708F525}.Release|Any CPU.ActiveCfg = Release|Any CPU
		{72CE1B09-8027-4FF7-8E71-3C179708F525}.Release|Any CPU.Build.0 = Release|Any CPU
	EndGlobalSection
	GlobalSection(SolutionProperties) = preSolution
		HideSolutionNode = FALSE
	EndGlobalSection
	GlobalSection(ExtensibilityGlobals) = postSolution
		SolutionGuid = {107BC0C2-9C1E-4ADE-A636-C7BBA90D4842}
	EndGlobalSection
EndGlobal
