
Microsoft Visual Studio Solution File, Format Version 12.00
# Visual Studio Version 16
VisualStudioVersion = 16.0.30413.136
MinimumVisualStudioVersion = 10.0.40219.1
Project("{9A19103F-16F7-4668-BE54-9A1E7A4F7556}") = "compute.geometry", "compute.geometry\compute.geometry.csproj", "{01757ED0-58C4-47DA-926A-70ACD31B93E1}"
EndProject
Project("{9A19103F-16F7-4668-BE54-9A1E7A4F7556}") = "rhino.compute", "rhino.compute\rhino.compute.csproj", "{CC91F57C-9A5D-42C8-9D87-3A229A62BCBA}"
EndProject
Global
	GlobalSection(SolutionConfigurationPlatforms) = preSolution
		Debug|x64 = Debug|x64
		Release|x64 = Release|x64
	EndGlobalSection
	GlobalSection(ProjectConfigurationPlatforms) = postSolution
		{01757ED0-58C4-47DA-926A-70ACD31B93E1}.Debug|x64.ActiveCfg = Debug|x64
		{01757ED0-58C4-47DA-926A-70ACD31B93E1}.Debug|x64.Build.0 = Debug|x64
		{01757ED0-58C4-47DA-926A-70ACD31B93E1}.Release|x64.ActiveCfg = Release|x64
		{01757ED0-58C4-47DA-926A-70ACD31B93E1}.Release|x64.Build.0 = Release|x64
		{CC91F57C-9A5D-42C8-9D87-3A229A62BCBA}.Debug|x64.ActiveCfg = Debug|x64
		{CC91F57C-9A5D-42C8-9D87-3A229A62BCBA}.Debug|x64.Build.0 = Debug|x64
		{CC91F57C-9A5D-42C8-9D87-3A229A62BCBA}.Release|x64.ActiveCfg = Release|x64
		{CC91F57C-9A5D-42C8-9D87-3A229A62BCBA}.Release|x64.Build.0 = Release|x64
	EndGlobalSection
	GlobalSection(SolutionProperties) = preSolution
		HideSolutionNode = FALSE
	EndGlobalSection
	GlobalSection(ExtensibilityGlobals) = postSolution
		SolutionGuid = {B3059E7D-3FE0-4B04-9C70-93F372A25247}
	EndGlobalSection
EndGlobal
