
Microsoft Visual Studio Solution File, Format Version 12.00
# Visual Studio Version 17
VisualStudioVersion = 17.1.32319.34
MinimumVisualStudioVersion = 10.0.40219.1
Project("{9A19103F-16F7-4668-BE54-9A1E7A4F7556}") = "Hops", "hops\Hops.csproj", "{82CB7266-A8BC-4D3E-99F6-B91504C7117F}"
EndProject
Project("{9A19103F-16F7-4668-BE54-9A1E7A4F7556}") = "compute.geometry", "compute.geometry\compute.geometry.csproj", "{3E0229A6-3417-48C1-8297-6F7622F80037}"
EndProject
Project("{9A19103F-16F7-4668-BE54-9A1E7A4F7556}") = "rhino.compute", "rhino.compute\rhino.compute.csproj", "{2A56201E-62E5-4BA9-A13D-F3E5A1D0275A}"
EndProject
Global
	GlobalSection(SolutionConfigurationPlatforms) = preSolution
		Debug|x64 = Debug|x64
		Release|x64 = Release|x64
	EndGlobalSection
	GlobalSection(ProjectConfigurationPlatforms) = postSolution
		{82CB7266-A8BC-4D3E-99F6-B91504C7117F}.Debug|x64.ActiveCfg = Debug|Any CPU
		{82CB7266-A8BC-4D3E-99F6-B91504C7117F}.Debug|x64.Build.0 = Debug|Any CPU
		{82CB7266-A8BC-4D3E-99F6-B91504C7117F}.Release|x64.ActiveCfg = Release|Any CPU
		{82CB7266-A8BC-4D3E-99F6-B91504C7117F}.Release|x64.Build.0 = Release|Any CPU
		{3E0229A6-3417-48C1-8297-6F7622F80037}.Debug|x64.ActiveCfg = Debug|Any CPU
		{3E0229A6-3417-48C1-8297-6F7622F80037}.Debug|x64.Build.0 = Debug|Any CPU
		{3E0229A6-3417-48C1-8297-6F7622F80037}.Release|x64.ActiveCfg = Release|Any CPU
		{3E0229A6-3417-48C1-8297-6F7622F80037}.Release|x64.Build.0 = Release|Any CPU
		{2A56201E-62E5-4BA9-A13D-F3E5A1D0275A}.Debug|x64.ActiveCfg = Debug|x64
		{2A56201E-62E5-4BA9-A13D-F3E5A1D0275A}.Debug|x64.Build.0 = Debug|x64
		{2A56201E-62E5-4BA9-A13D-F3E5A1D0275A}.Release|x64.ActiveCfg = Release|x64
		{2A56201E-62E5-4BA9-A13D-F3E5A1D0275A}.Release|x64.Build.0 = Release|x64
	EndGlobalSection
	GlobalSection(SolutionProperties) = preSolution
		HideSolutionNode = FALSE
	EndGlobalSection
	GlobalSection(ExtensibilityGlobals) = postSolution
		SolutionGuid = {07163E0B-6E6B-4BA8-98FC-A43AA48953A2}
	EndGlobalSection
EndGlobal
