
Microsoft Visual Studio Solution File, Format Version 12.00
# Visual Studio Version 16
VisualStudioVersion = 16.0.30413.136
MinimumVisualStudioVersion = 10.0.40219.1
Project("{9A19103F-16F7-4668-BE54-9A1E7A4F7556}") = "RhinoCompute", "RhinoCompute\RhinoCompute.csproj", "{EF929848-7ABE-43E4-838A-0908FC90556D}"
EndProject
Project("{FAE04EC0-301F-11D3-BF4B-00C04F79EFBC}") = "RhinoCompute_oM", "RhinoCompute_oM\RhinoCompute_oM.csproj", "{56A5F5AD-A351-416F-A9CA-3850536BC267}"
EndProject
Project("{FAE04EC0-301F-11D3-BF4B-00C04F79EFBC}") = "RhinoCompute_Engine", "RhinoCompute_Engine\RhinoCompute_Engine.csproj", "{AAAB403E-3A80-4408-9932-B7819FB81DDE}"
EndProject
Global
	GlobalSection(SolutionConfigurationPlatforms) = preSolution
		Debug|Any CPU = Debug|Any CPU
		Debug|x64 = Debug|x64
		Release|Any CPU = Release|Any CPU
		Release|x64 = Release|x64
	EndGlobalSection
	GlobalSection(ProjectConfigurationPlatforms) = postSolution
		{EF929848-7ABE-43E4-838A-0908FC90556D}.Debug|Any CPU.ActiveCfg = Debug|x64
		{EF929848-7ABE-43E4-838A-0908FC90556D}.Debug|x64.ActiveCfg = Debug|x64
		{EF929848-7ABE-43E4-838A-0908FC90556D}.Debug|x64.Build.0 = Debug|x64
		{EF929848-7ABE-43E4-838A-0908FC90556D}.Release|Any CPU.ActiveCfg = Release|x64
		{EF929848-7ABE-43E4-838A-0908FC90556D}.Release|x64.ActiveCfg = Release|x64
		{EF929848-7ABE-43E4-838A-0908FC90556D}.Release|x64.Build.0 = Release|x64
		{56A5F5AD-A351-416F-A9CA-3850536BC267}.Debug|Any CPU.ActiveCfg = Debug|Any CPU
		{56A5F5AD-A351-416F-A9CA-3850536BC267}.Debug|Any CPU.Build.0 = Debug|Any CPU
		{56A5F5AD-A351-416F-A9CA-3850536BC267}.Debug|x64.ActiveCfg = Debug|Any CPU
		{56A5F5AD-A351-416F-A9CA-3850536BC267}.Debug|x64.Build.0 = Debug|Any CPU
		{56A5F5AD-A351-416F-A9CA-3850536BC267}.Release|Any CPU.ActiveCfg = Release|Any CPU
		{56A5F5AD-A351-416F-A9CA-3850536BC267}.Release|Any CPU.Build.0 = Release|Any CPU
		{56A5F5AD-A351-416F-A9CA-3850536BC267}.Release|x64.ActiveCfg = Release|Any CPU
		{56A5F5AD-A351-416F-A9CA-3850536BC267}.Release|x64.Build.0 = Release|Any CPU
		{AAAB403E-3A80-4408-9932-B7819FB81DDE}.Debug|Any CPU.ActiveCfg = Debug|Any CPU
		{AAAB403E-3A80-4408-9932-B7819FB81DDE}.Debug|Any CPU.Build.0 = Debug|Any CPU
		{AAAB403E-3A80-4408-9932-B7819FB81DDE}.Debug|x64.ActiveCfg = Debug|Any CPU
		{AAAB403E-3A80-4408-9932-B7819FB81DDE}.Debug|x64.Build.0 = Debug|Any CPU
		{AAAB403E-3A80-4408-9932-B7819FB81DDE}.Release|Any CPU.ActiveCfg = Release|Any CPU
		{AAAB403E-3A80-4408-9932-B7819FB81DDE}.Release|Any CPU.Build.0 = Release|Any CPU
		{AAAB403E-3A80-4408-9932-B7819FB81DDE}.Release|x64.ActiveCfg = Release|Any CPU
		{AAAB403E-3A80-4408-9932-B7819FB81DDE}.Release|x64.Build.0 = Release|Any CPU
	EndGlobalSection
	GlobalSection(SolutionProperties) = preSolution
		HideSolutionNode = FALSE
	EndGlobalSection
	GlobalSection(ExtensibilityGlobals) = postSolution
		SolutionGuid = {B3059E7D-3FE0-4B04-9C70-93F372A25247}
	EndGlobalSection
EndGlobal
